
Microsoft Visual Studio Solution File, Format Version 12.00
# Visual Studio Version 16
VisualStudioVersion = 16.0.31515.178
MinimumVisualStudioVersion = 10.0.40219.1
Project("{9A19103F-16F7-4668-BE54-9A1E7A4F7556}") = "DZ2", "DZ2\DZ2.csproj", "{E69A57B5-6AD6-4E84-9072-8E0A7135A127}"
EndProject
Project("{9A19103F-16F7-4668-BE54-9A1E7A4F7556}") = "DZ3", "DZ3\DZ3.csproj", "{886B90E3-FCC0-4DC3-A378-53C9D39166B9}"
EndProject
Project("{9A19103F-16F7-4668-BE54-9A1E7A4F7556}") = "DZ4", "DZ4\DZ4.csproj", "{08D2EB9A-B6FB-4DFC-9383-94FDE3F8052A}"
EndProject
Project("{9A19103F-16F7-4668-BE54-9A1E7A4F7556}") = "DZ5", "DZ5\DZ5.csproj", "{DEEB43F6-59F8-4ECE-9858-98C580BC54A7}"
EndProject
Project("{9A19103F-16F7-4668-BE54-9A1E7A4F7556}") = "DZ6", "DZ6\DZ6.csproj", "{83C07EEC-0DE3-4E1F-A58C-1DD22F5CA45F}"
EndProject
Project("{FAE04EC0-301F-11D3-BF4B-00C04F79EFBC}") = "DZ1", "DZ1\DZ1.csproj", "{73F3C270-2943-4615-8BDD-0FE61C0104F4}"
EndProject
Global
	GlobalSection(SolutionConfigurationPlatforms) = preSolution
		Debug|Any CPU = Debug|Any CPU
		Release|Any CPU = Release|Any CPU
	EndGlobalSection
	GlobalSection(ProjectConfigurationPlatforms) = postSolution
		{E69A57B5-6AD6-4E84-9072-8E0A7135A127}.Debug|Any CPU.ActiveCfg = Debug|Any CPU
		{E69A57B5-6AD6-4E84-9072-8E0A7135A127}.Debug|Any CPU.Build.0 = Debug|Any CPU
		{E69A57B5-6AD6-4E84-9072-8E0A7135A127}.Release|Any CPU.ActiveCfg = Release|Any CPU
		{E69A57B5-6AD6-4E84-9072-8E0A7135A127}.Release|Any CPU.Build.0 = Release|Any CPU
		{886B90E3-FCC0-4DC3-A378-53C9D39166B9}.Debug|Any CPU.ActiveCfg = Debug|Any CPU
		{886B90E3-FCC0-4DC3-A378-53C9D39166B9}.Debug|Any CPU.Build.0 = Debug|Any CPU
		{886B90E3-FCC0-4DC3-A378-53C9D39166B9}.Release|Any CPU.ActiveCfg = Release|Any CPU
		{886B90E3-FCC0-4DC3-A378-53C9D39166B9}.Release|Any CPU.Build.0 = Release|Any CPU
		{08D2EB9A-B6FB-4DFC-9383-94FDE3F8052A}.Debug|Any CPU.ActiveCfg = Debug|Any CPU
		{08D2EB9A-B6FB-4DFC-9383-94FDE3F8052A}.Debug|Any CPU.Build.0 = Debug|Any CPU
		{08D2EB9A-B6FB-4DFC-9383-94FDE3F8052A}.Release|Any CPU.ActiveCfg = Release|Any CPU
		{08D2EB9A-B6FB-4DFC-9383-94FDE3F8052A}.Release|Any CPU.Build.0 = Release|Any CPU
		{DEEB43F6-59F8-4ECE-9858-98C580BC54A7}.Debug|Any CPU.ActiveCfg = Debug|Any CPU
		{DEEB43F6-59F8-4ECE-9858-98C580BC54A7}.Debug|Any CPU.Build.0 = Debug|Any CPU
		{DEEB43F6-59F8-4ECE-9858-98C580BC54A7}.Release|Any CPU.ActiveCfg = Release|Any CPU
		{DEEB43F6-59F8-4ECE-9858-98C580BC54A7}.Release|Any CPU.Build.0 = Release|Any CPU
		{83C07EEC-0DE3-4E1F-A58C-1DD22F5CA45F}.Debug|Any CPU.ActiveCfg = Debug|Any CPU
		{83C07EEC-0DE3-4E1F-A58C-1DD22F5CA45F}.Debug|Any CPU.Build.0 = Debug|Any CPU
		{83C07EEC-0DE3-4E1F-A58C-1DD22F5CA45F}.Release|Any CPU.ActiveCfg = Release|Any CPU
		{83C07EEC-0DE3-4E1F-A58C-1DD22F5CA45F}.Release|Any CPU.Build.0 = Release|Any CPU
		{73F3C270-2943-4615-8BDD-0FE61C0104F4}.Debug|Any CPU.ActiveCfg = Debug|Any CPU
		{73F3C270-2943-4615-8BDD-0FE61C0104F4}.Debug|Any CPU.Build.0 = Debug|Any CPU
		{73F3C270-2943-4615-8BDD-0FE61C0104F4}.Release|Any CPU.ActiveCfg = Release|Any CPU
		{73F3C270-2943-4615-8BDD-0FE61C0104F4}.Release|Any CPU.Build.0 = Release|Any CPU
	EndGlobalSection
	GlobalSection(SolutionProperties) = preSolution
		HideSolutionNode = FALSE
	EndGlobalSection
	GlobalSection(ExtensibilityGlobals) = postSolution
		SolutionGuid = {69505F47-9803-457D-BCE9-6FA38CDB4B7B}
	EndGlobalSection
EndGlobal
